
Microsoft Visual Studio Solution File, Format Version 12.00
# Visual Studio Version 16
VisualStudioVersion = 16.0.29905.134
MinimumVisualStudioVersion = 10.0.40219.1
Project("{FAE04EC0-301F-11D3-BF4B-00C04F79EFBC}") = "WindowsRegistryTools", "WindowsRegistryTools\WindowsRegistryTools.csproj", "{99168CCA-30F7-49C3-A918-6F75A312BDE4}"
EndProject
Global
	GlobalSection(SolutionConfigurationPlatforms) = preSolution
		Debug|Any CPU = Debug|Any CPU
		Release|Any CPU = Release|Any CPU
	EndGlobalSection
	GlobalSection(ProjectConfigurationPlatforms) = postSolution
		{99168CCA-30F7-49C3-A918-6F75A312BDE4}.Debug|Any CPU.ActiveCfg = Debug|Any CPU
		{99168CCA-30F7-49C3-A918-6F75A312BDE4}.Debug|Any CPU.Build.0 = Debug|Any CPU
		{99168CCA-30F7-49C3-A918-6F75A312BDE4}.Release|Any CPU.ActiveCfg = Release|Any CPU
		{99168CCA-30F7-49C3-A918-6F75A312BDE4}.Release|Any CPU.Build.0 = Release|Any CPU
	EndGlobalSection
	GlobalSection(SolutionProperties) = preSolution
		HideSolutionNode = FALSE
	EndGlobalSection
	GlobalSection(ExtensibilityGlobals) = postSolution
		SolutionGuid = {88A5A9A3-2E3D-43E2-959D-8F4E98F759A5}
	EndGlobalSection
EndGlobal
