
Microsoft Visual Studio Solution File, Format Version 12.00
# Visual Studio Version 16
VisualStudioVersion = 16.0.30804.86
MinimumVisualStudioVersion = 10.0.40219.1
Project("{FAE04EC0-301F-11D3-BF4B-00C04F79EFBC}") = "RegistryWin", "RegistryWin.csproj", "{E628F54B-89EF-4D7A-BCC3-E11E0D6545BD}"
EndProject
Project("{FAE04EC0-301F-11D3-BF4B-00C04F79EFBC}") = "CRUD_RegistryWin_Console", "..\CRUD_RegistryWin_Console\CRUD_RegistryWin_Console.csproj", "{B99EDE05-EB49-41E6-9446-9B3436ED1AC3}"
EndProject
Global
	GlobalSection(SolutionConfigurationPlatforms) = preSolution
		Debug|Any CPU = Debug|Any CPU
		Release|Any CPU = Release|Any CPU
	EndGlobalSection
	GlobalSection(ProjectConfigurationPlatforms) = postSolution
		{E628F54B-89EF-4D7A-BCC3-E11E0D6545BD}.Debug|Any CPU.ActiveCfg = Debug|Any CPU
		{E628F54B-89EF-4D7A-BCC3-E11E0D6545BD}.Debug|Any CPU.Build.0 = Debug|Any CPU
		{E628F54B-89EF-4D7A-BCC3-E11E0D6545BD}.Release|Any CPU.ActiveCfg = Release|Any CPU
		{E628F54B-89EF-4D7A-BCC3-E11E0D6545BD}.Release|Any CPU.Build.0 = Release|Any CPU
		{B99EDE05-EB49-41E6-9446-9B3436ED1AC3}.Debug|Any CPU.ActiveCfg = Debug|Any CPU
		{B99EDE05-EB49-41E6-9446-9B3436ED1AC3}.Debug|Any CPU.Build.0 = Debug|Any CPU
		{B99EDE05-EB49-41E6-9446-9B3436ED1AC3}.Release|Any CPU.ActiveCfg = Release|Any CPU
		{B99EDE05-EB49-41E6-9446-9B3436ED1AC3}.Release|Any CPU.Build.0 = Release|Any CPU
	EndGlobalSection
	GlobalSection(SolutionProperties) = preSolution
		HideSolutionNode = FALSE
	EndGlobalSection
	GlobalSection(ExtensibilityGlobals) = postSolution
		SolutionGuid = {B5F9CD4F-CB19-42CE-B4CB-62490060AFFC}
	EndGlobalSection
EndGlobal
